
Microsoft Visual Studio Solution File, Format Version 12.00
# Visual Studio Version 17
VisualStudioVersion = 17.4.33205.214
MinimumVisualStudioVersion = 10.0.40219.1
Project("{FAE04EC0-301F-11D3-BF4B-00C04F79EFBC}") = "DS.Graph", "DS.Graph\DS.Graph.csproj", "{6527BF08-36B3-4C98-8104-0C13BC2AE045}"
EndProject
Global
	GlobalSection(SolutionConfigurationPlatforms) = preSolution
		Debug|Any CPU = Debug|Any CPU
		Release|Any CPU = Release|Any CPU
	EndGlobalSection
	GlobalSection(ProjectConfigurationPlatforms) = postSolution
		{6527BF08-36B3-4C98-8104-0C13BC2AE045}.Debug|Any CPU.ActiveCfg = Debug|Any CPU
		{6527BF08-36B3-4C98-8104-0C13BC2AE045}.Debug|Any CPU.Build.0 = Debug|Any CPU
		{6527BF08-36B3-4C98-8104-0C13BC2AE045}.Release|Any CPU.ActiveCfg = Release|Any CPU
		{6527BF08-36B3-4C98-8104-0C13BC2AE045}.Release|Any CPU.Build.0 = Release|Any CPU
	EndGlobalSection
	GlobalSection(SolutionProperties) = preSolution
		HideSolutionNode = FALSE
	EndGlobalSection
	GlobalSection(ExtensibilityGlobals) = postSolution
		SolutionGuid = {8F066396-A979-4EC6-830E-4C285CF170A4}
	EndGlobalSection
EndGlobal
